
Microsoft Visual Studio Solution File, Format Version 12.00
# Visual Studio 15
VisualStudioVersion = 15.0.28307.489
MinimumVisualStudioVersion = 10.0.40219.1
Project("{159641D6-6404-4A2A-AE62-294DE0FE8301}") = "ControlFlowExample", "ControlFlowExample\ControlFlowExample.dtproj", "{E4E4966E-E87F-463B-A932-FE98267D8CC8}"
EndProject
Global
	GlobalSection(SolutionConfigurationPlatforms) = preSolution
		Development|Default = Development|Default
	EndGlobalSection
	GlobalSection(ProjectConfigurationPlatforms) = postSolution
		{E4E4966E-E87F-463B-A932-FE98267D8CC8}.Development|Default.ActiveCfg = Development
		{E4E4966E-E87F-463B-A932-FE98267D8CC8}.Development|Default.Build.0 = Development
	EndGlobalSection
	GlobalSection(SolutionProperties) = preSolution
		HideSolutionNode = FALSE
	EndGlobalSection
	GlobalSection(ExtensibilityGlobals) = postSolution
		SolutionGuid = {FC8EE67B-EFF8-49A9-A040-D4D9D6EAA888}
	EndGlobalSection
EndGlobal
